
Microsoft Visual Studio Solution File, Format Version 12.00
# Visual Studio Version 17
VisualStudioVersion = 17.13.35806.99 d17.13
MinimumVisualStudioVersion = 10.0.40219.1
Project("{FAE04EC0-301F-11D3-BF4B-00C04F79EFBC}") = "Lavka", "Lavka\Lavka.csproj", "{77BA2540-3BFD-48EB-B3E5-D7A562E20388}"
EndProject
Global
	GlobalSection(SolutionConfigurationPlatforms) = preSolution
		Debug|Any CPU = Debug|Any CPU
		Release|Any CPU = Release|Any CPU
	EndGlobalSection
	GlobalSection(ProjectConfigurationPlatforms) = postSolution
		{77BA2540-3BFD-48EB-B3E5-D7A562E20388}.Debug|Any CPU.ActiveCfg = Debug|Any CPU
		{77BA2540-3BFD-48EB-B3E5-D7A562E20388}.Debug|Any CPU.Build.0 = Debug|Any CPU
		{77BA2540-3BFD-48EB-B3E5-D7A562E20388}.Release|Any CPU.ActiveCfg = Release|Any CPU
		{77BA2540-3BFD-48EB-B3E5-D7A562E20388}.Release|Any CPU.Build.0 = Release|Any CPU
	EndGlobalSection
	GlobalSection(SolutionProperties) = preSolution
		HideSolutionNode = FALSE
	EndGlobalSection
	GlobalSection(ExtensibilityGlobals) = postSolution
		SolutionGuid = {75E3095B-6C12-4846-8CF7-DBBB5D5B30EF}
	EndGlobalSection
EndGlobal
